// !$*UTF8*$!
{
	archiveVersion = 1;
	classes = {
	};
	objectVersion = 46;
	objects = {

/* Begin PBXBuildFile section */
		8FA2479E19189347008B593F /* CoreFoundation.framework in Frameworks */ = {isa = PBXBuildFile; fileRef = 8FB2AEE1190F6B2B006DDFDA /* CoreFoundation.framework */; };
		8FA247A419189348008B593F /* InfoPlist.strings in Resources */ = {isa = PBXBuildFile; fileRef = 8FA247A219189348008B593F /* InfoPlist.strings */; };
		8FB0417E1918323900496AD8 /* ChatScriptServer in CopyFiles */ = {isa = PBXBuildFile; fileRef = 8FB2AE9C190F6A5A006DDFDA /* ChatScriptServer */; };
		8FB04184191836C000496AD8 /* ChatScript_wrap.cxx in Sources */ = {isa = PBXBuildFile; fileRef = 8FB04183191836C000496AD8 /* ChatScript_wrap.cxx */; };
		8FB0418A19183FD800496AD8 /* ChatScript_wrap.cxx in Sources */ = {isa = PBXBuildFile; fileRef = 8FB0418919183FD800496AD8 /* ChatScript_wrap.cxx */; };
		8FC187F91A95746E004E6C54 /* CoreFoundation.framework in Frameworks */ = {isa = PBXBuildFile; fileRef = 8FB2AEE1190F6B2B006DDFDA /* CoreFoundation.framework */; };
		8FC187FA1A957470004E6C54 /* CoreFoundation.framework in Frameworks */ = {isa = PBXBuildFile; fileRef = 8FB2AEE1190F6B2B006DDFDA /* CoreFoundation.framework */; };
		8FC187FB1A957470004E6C54 /* CoreFoundation.framework in Frameworks */ = {isa = PBXBuildFile; fileRef = 8FB2AEE1190F6B2B006DDFDA /* CoreFoundation.framework */; };
		8FC187FC1A957472004E6C54 /* CoreFoundation.framework in Frameworks */ = {isa = PBXBuildFile; fileRef = 8FB2AEE1190F6B2B006DDFDA /* CoreFoundation.framework */; };
		8FDF13261A99AAB200ED14B1 /* ChatScript_wrap.cxx in Sources */ = {isa = PBXBuildFile; fileRef = 8FF312E21A999891009654C6 /* ChatScript_wrap.cxx */; };
		8FF312A21A998A2D009654C6 /* constructCode.cpp in Sources */ = {isa = PBXBuildFile; fileRef = 8FF312391A998A2C009654C6 /* constructCode.cpp */; };
		8FF312A31A998A2D009654C6 /* cs_ev.c in Sources */ = {isa = PBXBuildFile; fileRef = 8FF3123B1A998A2C009654C6 /* cs_ev.c */; };
		8FF312A41A998A2D009654C6 /* csocket.cpp in Sources */ = {isa = PBXBuildFile; fileRef = 8FF3123D1A998A2C009654C6 /* csocket.cpp */; };
		8FF312A51A998A2D009654C6 /* debugger.cpp in Sources */ = {isa = PBXBuildFile; fileRef = 8FF3123F1A998A2C009654C6 /* debugger.cpp */; };
		8FF312A61A998A2D009654C6 /* dictionarySystem.cpp in Sources */ = {isa = PBXBuildFile; fileRef = 8FF312421A998A2C009654C6 /* dictionarySystem.cpp */; };
		8FF312A71A998A2D009654C6 /* english.cpp in Sources */ = {isa = PBXBuildFile; fileRef = 8FF312441A998A2C009654C6 /* english.cpp */; };
		8FF312A81A998A2D009654C6 /* englishTagger.cpp in Sources */ = {isa = PBXBuildFile; fileRef = 8FF312461A998A2C009654C6 /* englishTagger.cpp */; };
		8FF312C71A998A2D009654C6 /* evserver.cpp in Sources */ = {isa = PBXBuildFile; fileRef = 8FF3126B1A998A2D009654C6 /* evserver.cpp */; };
		8FF312C81A998A2D009654C6 /* factSystem.cpp in Sources */ = {isa = PBXBuildFile; fileRef = 8FF3126D1A998A2D009654C6 /* factSystem.cpp */; };
		8FF312C91A998A2D009654C6 /* functionExecute.cpp in Sources */ = {isa = PBXBuildFile; fileRef = 8FF3126F1A998A2D009654C6 /* functionExecute.cpp */; };
		8FF312CA1A998A2D009654C6 /* infer.cpp in Sources */ = {isa = PBXBuildFile; fileRef = 8FF312711A998A2D009654C6 /* infer.cpp */; };
		8FF312CB1A998A2D009654C6 /* mainSystem.cpp in Sources */ = {isa = PBXBuildFile; fileRef = 8FF312731A998A2D009654C6 /* mainSystem.cpp */; };
		8FF312CC1A998A2D009654C6 /* Makefile in Sources */ = {isa = PBXBuildFile; fileRef = 8FF312751A998A2D009654C6 /* Makefile */; };
		8FF312CD1A998A2D009654C6 /* markSystem.cpp in Sources */ = {isa = PBXBuildFile; fileRef = 8FF312761A998A2D009654C6 /* markSystem.cpp */; };
		8FF312CE1A998A2D009654C6 /* os.cpp in Sources */ = {isa = PBXBuildFile; fileRef = 8FF312781A998A2D009654C6 /* os.cpp */; };
		8FF312CF1A998A2D009654C6 /* outputSystem.cpp in Sources */ = {isa = PBXBuildFile; fileRef = 8FF3127A1A998A2D009654C6 /* outputSystem.cpp */; };
		8FF312D01A998A2D009654C6 /* patternSystem.cpp in Sources */ = {isa = PBXBuildFile; fileRef = 8FF3127C1A998A2D009654C6 /* patternSystem.cpp */; };
		8FF312D11A998A2D009654C6 /* 3rd_party_licenses.txt in Resources */ = {isa = PBXBuildFile; fileRef = 8FF3127F1A998A2D009654C6 /* 3rd_party_licenses.txt */; };
		8FF312D21A998A2D009654C6 /* license.txt in Resources */ = {isa = PBXBuildFile; fileRef = 8FF312801A998A2D009654C6 /* license.txt */; };
		8FF312D31A998A2D009654C6 /* libpq.dll in Resources */ = {isa = PBXBuildFile; fileRef = 8FF312831A998A2D009654C6 /* libpq.dll */; };
		8FF312D41A998A2D009654C6 /* libpq.lib in Frameworks */ = {isa = PBXBuildFile; fileRef = 8FF312841A998A2D009654C6 /* libpq.lib */; };
		8FF312D51A998A2D009654C6 /* readrawdata.cpp in Sources */ = {isa = PBXBuildFile; fileRef = 8FF312891A998A2D009654C6 /* readrawdata.cpp */; };
		8FF312D61A998A2D009654C6 /* scriptCompile.cpp in Sources */ = {isa = PBXBuildFile; fileRef = 8FF3128B1A998A2D009654C6 /* scriptCompile.cpp */; };
		8FF312D71A998A2D009654C6 /* secure.cpp in Sources */ = {isa = PBXBuildFile; fileRef = 8FF3128D1A998A2D009654C6 /* secure.cpp */; };
		8FF312D81A998A2D009654C6 /* spellcheck.cpp in Sources */ = {isa = PBXBuildFile; fileRef = 8FF3128E1A998A2D009654C6 /* spellcheck.cpp */; };
		8FF312D91A998A2D009654C6 /* systemVariables.cpp in Sources */ = {isa = PBXBuildFile; fileRef = 8FF312901A998A2D009654C6 /* systemVariables.cpp */; };
		8FF312DA1A998A2D009654C6 /* tagger.cpp in Sources */ = {isa = PBXBuildFile; fileRef = 8FF312921A998A2D009654C6 /* tagger.cpp */; };
		8FF312DB1A998A2D009654C6 /* testing.cpp in Sources */ = {isa = PBXBuildFile; fileRef = 8FF312941A998A2D009654C6 /* testing.cpp */; };
		8FF312DC1A998A2D009654C6 /* textUtilities.cpp in Sources */ = {isa = PBXBuildFile; fileRef = 8FF312961A998A2D009654C6 /* textUtilities.cpp */; };
		8FF312DD1A998A2D009654C6 /* tokenSystem.cpp in Sources */ = {isa = PBXBuildFile; fileRef = 8FF312981A998A2D009654C6 /* tokenSystem.cpp */; };
		8FF312DE1A998A2D009654C6 /* topicSystem.cpp in Sources */ = {isa = PBXBuildFile; fileRef = 8FF3129A1A998A2D009654C6 /* topicSystem.cpp */; };
		8FF312DF1A998A2D009654C6 /* userCache.cpp in Sources */ = {isa = PBXBuildFile; fileRef = 8FF3129C1A998A2D009654C6 /* userCache.cpp */; };
		8FF312E01A998A2D009654C6 /* userSystem.cpp in Sources */ = {isa = PBXBuildFile; fileRef = 8FF3129E1A998A2D009654C6 /* userSystem.cpp */; };
		8FF312E11A998A2D009654C6 /* variableSystem.cpp in Sources */ = {isa = PBXBuildFile; fileRef = 8FF312A01A998A2D009654C6 /* variableSystem.cpp */; };
		8FF312E31A999891009654C6 /* ChatScript_wrap.cxx in Sources */ = {isa = PBXBuildFile; fileRef = 8FF312E21A999891009654C6 /* ChatScript_wrap.cxx */; };
		8FF9BD351A993D4A0004BF99 /* libChatScript.dylib in CopyFiles */ = {isa = PBXBuildFile; fileRef = 8FB2AEAC190F6A96006DDFDA /* libChatScript.dylib */; };
/* End PBXBuildFile section */

/* Begin PBXCopyFilesBuildPhase section */
		8FB0417D191831ED00496AD8 /* CopyFiles */ = {
			isa = PBXCopyFilesBuildPhase;
			buildActionMask = 12;
			dstPath = "/Users/tkuebler/src/ChatScript-4.33";
			dstSubfolderSpec = 0;
			files = (
				8FB0417E1918323900496AD8 /* ChatScriptServer in CopyFiles */,
			);
			runOnlyForDeploymentPostprocessing = 0;
		};
		8FB04185191836CC00496AD8 /* CopyFiles */ = {
			isa = PBXCopyFilesBuildPhase;
			buildActionMask = 12;
			dstPath = "/Users/tkuebler/src/ChatScript-4.33/swig/mac/java";
			dstSubfolderSpec = 0;
			files = (
			);
			runOnlyForDeploymentPostprocessing = 0;
		};
		8FB0418719183DE500496AD8 /* CopyFiles */ = {
			isa = PBXCopyFilesBuildPhase;
			buildActionMask = 12;
			dstPath = /Users/tkuebler/src/ChatScript/swig/mac/csharp;
			dstSubfolderSpec = 0;
			files = (
				8FF9BD351A993D4A0004BF99 /* libChatScript.dylib in CopyFiles */,
			);
			runOnlyForDeploymentPostprocessing = 0;
		};
		8FB0418D1918473800496AD8 /* CopyFiles */ = {
			isa = PBXCopyFilesBuildPhase;
			buildActionMask = 2147483647;
			dstPath = "/Users/tkuebler/src/ChatScript-4.33/swig/mac/perl";
			dstSubfolderSpec = 0;
			files = (
			);
			runOnlyForDeploymentPostprocessing = 0;
		};
/* End PBXCopyFilesBuildPhase section */

/* Begin PBXFileReference section */
		8FA2479D19189347008B593F /* ChatScript.bundle */ = {isa = PBXFileReference; explicitFileType = wrapper.cfbundle; includeInIndex = 0; path = ChatScript.bundle; sourceTree = BUILT_PRODUCTS_DIR; };
		8FA247A119189347008B593F /* ChatScript-Info.plist */ = {isa = PBXFileReference; lastKnownFileType = text.plist.xml; path = "ChatScript-Info.plist"; sourceTree = "<group>"; };
		8FA247A319189348008B593F /* en */ = {isa = PBXFileReference; lastKnownFileType = text.plist.strings; name = en; path = en.lproj/InfoPlist.strings; sourceTree = "<group>"; };
		8FA247A519189348008B593F /* ChatScript-Prefix.pch */ = {isa = PBXFileReference; lastKnownFileType = sourcecode.c.h; path = "ChatScript-Prefix.pch"; sourceTree = "<group>"; };
		8FB04183191836C000496AD8 /* ChatScript_wrap.cxx */ = {isa = PBXFileReference; fileEncoding = 4; lastKnownFileType = sourcecode.cpp.cpp; name = ChatScript_wrap.cxx; path = ../../swig/mac/java/ChatScript_wrap.cxx; sourceTree = "<group>"; };
		8FB0418919183FD800496AD8 /* ChatScript_wrap.cxx */ = {isa = PBXFileReference; fileEncoding = 4; lastKnownFileType = sourcecode.cpp.cpp; name = ChatScript_wrap.cxx; path = ../../swig/mac/perl/ChatScript_wrap.cxx; sourceTree = "<group>"; };
		8FB2AE9C190F6A5A006DDFDA /* ChatScriptServer */ = {isa = PBXFileReference; explicitFileType = "compiled.mach-o.executable"; includeInIndex = 0; path = ChatScriptServer; sourceTree = BUILT_PRODUCTS_DIR; };
		8FB2AEAC190F6A96006DDFDA /* libChatScript.dylib */ = {isa = PBXFileReference; explicitFileType = "compiled.mach-o.dylib"; includeInIndex = 0; path = libChatScript.dylib; sourceTree = BUILT_PRODUCTS_DIR; };
		8FB2AEAF190F6A96006DDFDA /* libChatScript-Prefix.pch */ = {isa = PBXFileReference; lastKnownFileType = sourcecode.c.h; path = "libChatScript-Prefix.pch"; sourceTree = "<group>"; };
		8FB2AEB0190F6A96006DDFDA /* libChatScriptProj.xcconfig */ = {isa = PBXFileReference; lastKnownFileType = text.xcconfig; path = libChatScriptProj.xcconfig; sourceTree = "<group>"; };
		8FB2AEB1190F6A96006DDFDA /* libChatScriptTarget.xcconfig */ = {isa = PBXFileReference; lastKnownFileType = text.xcconfig; path = libChatScriptTarget.xcconfig; sourceTree = "<group>"; };
		8FB2AEBD190F6AE6006DDFDA /* libChatScriptJNI.dylib */ = {isa = PBXFileReference; explicitFileType = "compiled.mach-o.dylib"; includeInIndex = 0; path = libChatScriptJNI.dylib; sourceTree = BUILT_PRODUCTS_DIR; };
		8FB2AEC0190F6AE6006DDFDA /* libChatScriptJNI-Prefix.pch */ = {isa = PBXFileReference; lastKnownFileType = sourcecode.c.h; path = "libChatScriptJNI-Prefix.pch"; sourceTree = "<group>"; };
		8FB2AEC1190F6AE6006DDFDA /* libChatScriptJNIProj.xcconfig */ = {isa = PBXFileReference; lastKnownFileType = text.xcconfig; path = libChatScriptJNIProj.xcconfig; sourceTree = "<group>"; };
		8FB2AEC2190F6AE6006DDFDA /* libChatScriptJNITarget.xcconfig */ = {isa = PBXFileReference; lastKnownFileType = text.xcconfig; path = libChatScriptJNITarget.xcconfig; sourceTree = "<group>"; };
		8FB2AECE190F6B03006DDFDA /* libChatScriptPerl.dylib */ = {isa = PBXFileReference; explicitFileType = "compiled.mach-o.dylib"; includeInIndex = 0; path = libChatScriptPerl.dylib; sourceTree = BUILT_PRODUCTS_DIR; };
		8FB2AED1190F6B04006DDFDA /* libChatScriptPerl-Prefix.pch */ = {isa = PBXFileReference; lastKnownFileType = sourcecode.c.h; path = "libChatScriptPerl-Prefix.pch"; sourceTree = "<group>"; };
		8FB2AED2190F6B04006DDFDA /* libChatScriptPerlProj.xcconfig */ = {isa = PBXFileReference; lastKnownFileType = text.xcconfig; path = libChatScriptPerlProj.xcconfig; sourceTree = "<group>"; };
		8FB2AED3190F6B04006DDFDA /* libChatScriptPerlTarget.xcconfig */ = {isa = PBXFileReference; lastKnownFileType = text.xcconfig; path = libChatScriptPerlTarget.xcconfig; sourceTree = "<group>"; };
		8FB2AEE1190F6B2B006DDFDA /* CoreFoundation.framework */ = {isa = PBXFileReference; lastKnownFileType = wrapper.framework; name = CoreFoundation.framework; path = System/Library/Frameworks/CoreFoundation.framework; sourceTree = SDKROOT; };
		8FF312381A998A2C009654C6 /* common.h */ = {isa = PBXFileReference; fileEncoding = 4; lastKnownFileType = sourcecode.c.h; path = common.h; sourceTree = "<group>"; };
		8FF312391A998A2C009654C6 /* constructCode.cpp */ = {isa = PBXFileReference; fileEncoding = 4; lastKnownFileType = sourcecode.cpp.cpp; path = constructCode.cpp; sourceTree = "<group>"; };
		8FF3123A1A998A2C009654C6 /* constructCode.h */ = {isa = PBXFileReference; fileEncoding = 4; lastKnownFileType = sourcecode.c.h; path = constructCode.h; sourceTree = "<group>"; };
		8FF3123B1A998A2C009654C6 /* cs_ev.c */ = {isa = PBXFileReference; fileEncoding = 4; lastKnownFileType = sourcecode.c.c; path = cs_ev.c; sourceTree = "<group>"; };
		8FF3123C1A998A2C009654C6 /* cs_ev.h */ = {isa = PBXFileReference; fileEncoding = 4; lastKnownFileType = sourcecode.c.h; path = cs_ev.h; sourceTree = "<group>"; };
		8FF3123D1A998A2C009654C6 /* csocket.cpp */ = {isa = PBXFileReference; fileEncoding = 4; lastKnownFileType = sourcecode.cpp.cpp; path = csocket.cpp; sourceTree = "<group>"; };
		8FF3123E1A998A2C009654C6 /* csocket.h */ = {isa = PBXFileReference; fileEncoding = 4; lastKnownFileType = sourcecode.c.h; path = csocket.h; sourceTree = "<group>"; };
		8FF3123F1A998A2C009654C6 /* debugger.cpp */ = {isa = PBXFileReference; fileEncoding = 4; lastKnownFileType = sourcecode.cpp.cpp; path = debugger.cpp; sourceTree = "<group>"; };
		8FF312401A998A2C009654C6 /* debugger.h */ = {isa = PBXFileReference; fileEncoding = 4; lastKnownFileType = sourcecode.c.h; path = debugger.h; sourceTree = "<group>"; };
		8FF312411A998A2C009654C6 /* dictionaryMore.h */ = {isa = PBXFileReference; fileEncoding = 4; lastKnownFileType = sourcecode.c.h; path = dictionaryMore.h; sourceTree = "<group>"; };
		8FF312421A998A2C009654C6 /* dictionarySystem.cpp */ = {isa = PBXFileReference; fileEncoding = 4; lastKnownFileType = sourcecode.cpp.cpp; path = dictionarySystem.cpp; sourceTree = "<group>"; };
		8FF312431A998A2C009654C6 /* dictionarySystem.h */ = {isa = PBXFileReference; fileEncoding = 4; lastKnownFileType = sourcecode.c.h; path = dictionarySystem.h; sourceTree = "<group>"; };
		8FF312441A998A2C009654C6 /* english.cpp */ = {isa = PBXFileReference; fileEncoding = 4; lastKnownFileType = sourcecode.cpp.cpp; path = english.cpp; sourceTree = "<group>"; };
		8FF312451A998A2C009654C6 /* english.h */ = {isa = PBXFileReference; fileEncoding = 4; lastKnownFileType = sourcecode.c.h; path = english.h; sourceTree = "<group>"; };
		8FF312461A998A2C009654C6 /* englishTagger.cpp */ = {isa = PBXFileReference; fileEncoding = 4; lastKnownFileType = sourcecode.cpp.cpp; path = englishTagger.cpp; sourceTree = "<group>"; };
		8FF3126B1A998A2D009654C6 /* evserver.cpp */ = {isa = PBXFileReference; fileEncoding = 4; lastKnownFileType = sourcecode.cpp.cpp; path = evserver.cpp; sourceTree = "<group>"; };
		8FF3126C1A998A2D009654C6 /* evserver.h */ = {isa = PBXFileReference; fileEncoding = 4; lastKnownFileType = sourcecode.c.h; path = evserver.h; sourceTree = "<group>"; };
		8FF3126D1A998A2D009654C6 /* factSystem.cpp */ = {isa = PBXFileReference; fileEncoding = 4; lastKnownFileType = sourcecode.cpp.cpp; path = factSystem.cpp; sourceTree = "<group>"; };
		8FF3126E1A998A2D009654C6 /* factSystem.h */ = {isa = PBXFileReference; fileEncoding = 4; lastKnownFileType = sourcecode.c.h; path = factSystem.h; sourceTree = "<group>"; };
		8FF3126F1A998A2D009654C6 /* functionExecute.cpp */ = {isa = PBXFileReference; fileEncoding = 4; lastKnownFileType = sourcecode.cpp.cpp; path = functionExecute.cpp; sourceTree = "<group>"; };
		8FF312701A998A2D009654C6 /* functionExecute.h */ = {isa = PBXFileReference; fileEncoding = 4; lastKnownFileType = sourcecode.c.h; path = functionExecute.h; sourceTree = "<group>"; };
		8FF312711A998A2D009654C6 /* infer.cpp */ = {isa = PBXFileReference; fileEncoding = 4; lastKnownFileType = sourcecode.cpp.cpp; path = infer.cpp; sourceTree = "<group>"; };
		8FF312721A998A2D009654C6 /* infer.h */ = {isa = PBXFileReference; fileEncoding = 4; lastKnownFileType = sourcecode.c.h; path = infer.h; sourceTree = "<group>"; };
		8FF312731A998A2D009654C6 /* mainSystem.cpp */ = {isa = PBXFileReference; fileEncoding = 4; lastKnownFileType = sourcecode.cpp.cpp; path = mainSystem.cpp; sourceTree = "<group>"; };
		8FF312741A998A2D009654C6 /* mainSystem.h */ = {isa = PBXFileReference; fileEncoding = 4; lastKnownFileType = sourcecode.c.h; path = mainSystem.h; sourceTree = "<group>"; };
		8FF312751A998A2D009654C6 /* Makefile */ = {isa = PBXFileReference; fileEncoding = 4; lastKnownFileType = sourcecode.make; path = Makefile; sourceTree = "<group>"; };
		8FF312761A998A2D009654C6 /* markSystem.cpp */ = {isa = PBXFileReference; fileEncoding = 4; lastKnownFileType = sourcecode.cpp.cpp; path = markSystem.cpp; sourceTree = "<group>"; };
		8FF312771A998A2D009654C6 /* markSystem.h */ = {isa = PBXFileReference; fileEncoding = 4; lastKnownFileType = sourcecode.c.h; path = markSystem.h; sourceTree = "<group>"; };
		8FF312781A998A2D009654C6 /* os.cpp */ = {isa = PBXFileReference; fileEncoding = 4; lastKnownFileType = sourcecode.cpp.cpp; path = os.cpp; sourceTree = "<group>"; };
		8FF312791A998A2D009654C6 /* os.h */ = {isa = PBXFileReference; fileEncoding = 4; lastKnownFileType = sourcecode.c.h; path = os.h; sourceTree = "<group>"; };
		8FF3127A1A998A2D009654C6 /* outputSystem.cpp */ = {isa = PBXFileReference; fileEncoding = 4; lastKnownFileType = sourcecode.cpp.cpp; path = outputSystem.cpp; sourceTree = "<group>"; };
		8FF3127B1A998A2D009654C6 /* outputSystem.h */ = {isa = PBXFileReference; fileEncoding = 4; lastKnownFileType = sourcecode.c.h; path = outputSystem.h; sourceTree = "<group>"; };
		8FF3127C1A998A2D009654C6 /* patternSystem.cpp */ = {isa = PBXFileReference; fileEncoding = 4; lastKnownFileType = sourcecode.cpp.cpp; path = patternSystem.cpp; sourceTree = "<group>"; };
		8FF3127D1A998A2D009654C6 /* patternSystem.h */ = {isa = PBXFileReference; fileEncoding = 4; lastKnownFileType = sourcecode.c.h; path = patternSystem.h; sourceTree = "<group>"; };
		8FF3127F1A998A2D009654C6 /* 3rd_party_licenses.txt */ = {isa = PBXFileReference; fileEncoding = 4; lastKnownFileType = text; path = 3rd_party_licenses.txt; sourceTree = "<group>"; };
		8FF312801A998A2D009654C6 /* license.txt */ = {isa = PBXFileReference; fileEncoding = 4; lastKnownFileType = text; path = license.txt; sourceTree = "<group>"; };
		8FF312821A998A2D009654C6 /* libpq-fe.h */ = {isa = PBXFileReference; fileEncoding = 4; lastKnownFileType = sourcecode.c.h; path = "libpq-fe.h"; sourceTree = "<group>"; };
		8FF312831A998A2D009654C6 /* libpq.dll */ = {isa = PBXFileReference; lastKnownFileType = file; path = libpq.dll; sourceTree = "<group>"; };
		8FF312841A998A2D009654C6 /* libpq.lib */ = {isa = PBXFileReference; lastKnownFileType = archive.ar; path = libpq.lib; sourceTree = "<group>"; };
		8FF312851A998A2D009654C6 /* pg_config.h */ = {isa = PBXFileReference; fileEncoding = 4; lastKnownFileType = sourcecode.c.h; path = pg_config.h; sourceTree = "<group>"; };
		8FF312861A998A2D009654C6 /* pg_config_ext.h */ = {isa = PBXFileReference; fileEncoding = 4; lastKnownFileType = sourcecode.c.h; path = pg_config_ext.h; sourceTree = "<group>"; };
		8FF312871A998A2D009654C6 /* pg_config_os.h */ = {isa = PBXFileReference; fileEncoding = 4; lastKnownFileType = sourcecode.c.h; path = pg_config_os.h; sourceTree = "<group>"; };
		8FF312881A998A2D009654C6 /* postgres_ext.h */ = {isa = PBXFileReference; fileEncoding = 4; lastKnownFileType = sourcecode.c.h; path = postgres_ext.h; sourceTree = "<group>"; };
		8FF312891A998A2D009654C6 /* readrawdata.cpp */ = {isa = PBXFileReference; fileEncoding = 4; lastKnownFileType = sourcecode.cpp.cpp; path = readrawdata.cpp; sourceTree = "<group>"; };
		8FF3128A1A998A2D009654C6 /* readrawdata.h */ = {isa = PBXFileReference; fileEncoding = 4; lastKnownFileType = sourcecode.c.h; path = readrawdata.h; sourceTree = "<group>"; };
		8FF3128B1A998A2D009654C6 /* scriptCompile.cpp */ = {isa = PBXFileReference; fileEncoding = 4; lastKnownFileType = sourcecode.cpp.cpp; path = scriptCompile.cpp; sourceTree = "<group>"; };
		8FF3128C1A998A2D009654C6 /* scriptCompile.h */ = {isa = PBXFileReference; fileEncoding = 4; lastKnownFileType = sourcecode.c.h; path = scriptCompile.h; sourceTree = "<group>"; };
		8FF3128D1A998A2D009654C6 /* secure.cpp */ = {isa = PBXFileReference; fileEncoding = 4; lastKnownFileType = sourcecode.cpp.cpp; path = secure.cpp; sourceTree = "<group>"; };
		8FF3128E1A998A2D009654C6 /* spellcheck.cpp */ = {isa = PBXFileReference; fileEncoding = 4; lastKnownFileType = sourcecode.cpp.cpp; path = spellcheck.cpp; sourceTree = "<group>"; };
		8FF3128F1A998A2D009654C6 /* spellcheck.h */ = {isa = PBXFileReference; fileEncoding = 4; lastKnownFileType = sourcecode.c.h; path = spellcheck.h; sourceTree = "<group>"; };
		8FF312901A998A2D009654C6 /* systemVariables.cpp */ = {isa = PBXFileReference; fileEncoding = 4; lastKnownFileType = sourcecode.cpp.cpp; path = systemVariables.cpp; sourceTree = "<group>"; };
		8FF312911A998A2D009654C6 /* systemVariables.h */ = {isa = PBXFileReference; fileEncoding = 4; lastKnownFileType = sourcecode.c.h; path = systemVariables.h; sourceTree = "<group>"; };
		8FF312921A998A2D009654C6 /* tagger.cpp */ = {isa = PBXFileReference; fileEncoding = 4; lastKnownFileType = sourcecode.cpp.cpp; path = tagger.cpp; sourceTree = "<group>"; };
		8FF312931A998A2D009654C6 /* tagger.h */ = {isa = PBXFileReference; fileEncoding = 4; lastKnownFileType = sourcecode.c.h; path = tagger.h; sourceTree = "<group>"; };
		8FF312941A998A2D009654C6 /* testing.cpp */ = {isa = PBXFileReference; fileEncoding = 4; lastKnownFileType = sourcecode.cpp.cpp; path = testing.cpp; sourceTree = "<group>"; };
		8FF312951A998A2D009654C6 /* testing.h */ = {isa = PBXFileReference; fileEncoding = 4; lastKnownFileType = sourcecode.c.h; path = testing.h; sourceTree = "<group>"; };
		8FF312961A998A2D009654C6 /* textUtilities.cpp */ = {isa = PBXFileReference; fileEncoding = 4; lastKnownFileType = sourcecode.cpp.cpp; path = textUtilities.cpp; sourceTree = "<group>"; };
		8FF312971A998A2D009654C6 /* textUtilities.h */ = {isa = PBXFileReference; fileEncoding = 4; lastKnownFileType = sourcecode.c.h; path = textUtilities.h; sourceTree = "<group>"; };
		8FF312981A998A2D009654C6 /* tokenSystem.cpp */ = {isa = PBXFileReference; fileEncoding = 4; lastKnownFileType = sourcecode.cpp.cpp; path = tokenSystem.cpp; sourceTree = "<group>"; };
		8FF312991A998A2D009654C6 /* tokenSystem.h */ = {isa = PBXFileReference; fileEncoding = 4; lastKnownFileType = sourcecode.c.h; path = tokenSystem.h; sourceTree = "<group>"; };
		8FF3129A1A998A2D009654C6 /* topicSystem.cpp */ = {isa = PBXFileReference; fileEncoding = 4; lastKnownFileType = sourcecode.cpp.cpp; path = topicSystem.cpp; sourceTree = "<group>"; };
		8FF3129B1A998A2D009654C6 /* topicSystem.h */ = {isa = PBXFileReference; fileEncoding = 4; lastKnownFileType = sourcecode.c.h; path = topicSystem.h; sourceTree = "<group>"; };
		8FF3129C1A998A2D009654C6 /* userCache.cpp */ = {isa = PBXFileReference; fileEncoding = 4; lastKnownFileType = sourcecode.cpp.cpp; path = userCache.cpp; sourceTree = "<group>"; };
		8FF3129D1A998A2D009654C6 /* userCache.h */ = {isa = PBXFileReference; fileEncoding = 4; lastKnownFileType = sourcecode.c.h; path = userCache.h; sourceTree = "<group>"; };
		8FF3129E1A998A2D009654C6 /* userSystem.cpp */ = {isa = PBXFileReference; fileEncoding = 4; lastKnownFileType = sourcecode.cpp.cpp; path = userSystem.cpp; sourceTree = "<group>"; };
		8FF3129F1A998A2D009654C6 /* userSystem.h */ = {isa = PBXFileReference; fileEncoding = 4; lastKnownFileType = sourcecode.c.h; path = userSystem.h; sourceTree = "<group>"; };
		8FF312A01A998A2D009654C6 /* variableSystem.cpp */ = {isa = PBXFileReference; fileEncoding = 4; lastKnownFileType = sourcecode.cpp.cpp; path = variableSystem.cpp; sourceTree = "<group>"; };
		8FF312A11A998A2D009654C6 /* variableSystem.h */ = {isa = PBXFileReference; fileEncoding = 4; lastKnownFileType = sourcecode.c.h; path = variableSystem.h; sourceTree = "<group>"; };
		8FF312E21A999891009654C6 /* ChatScript_wrap.cxx */ = {isa = PBXFileReference; fileEncoding = 4; lastKnownFileType = sourcecode.cpp.cpp; name = ChatScript_wrap.cxx; path = ../../swig/mac/csharp/ChatScript_wrap.cxx; sourceTree = "<group>"; };
/* End PBXFileReference section */

/* Begin PBXFrameworksBuildPhase section */
		8FA2479A19189347008B593F /* Frameworks */ = {
			isa = PBXFrameworksBuildPhase;
			buildActionMask = 2147483647;
			files = (
				8FA2479E19189347008B593F /* CoreFoundation.framework in Frameworks */,
				8FF312D41A998A2D009654C6 /* libpq.lib in Frameworks */,
			);
			runOnlyForDeploymentPostprocessing = 0;
		};
		8FB2AE99190F6A5A006DDFDA /* Frameworks */ = {
			isa = PBXFrameworksBuildPhase;
			buildActionMask = 2147483647;
			files = (
				8FC187F91A95746E004E6C54 /* CoreFoundation.framework in Frameworks */,
			);
			runOnlyForDeploymentPostprocessing = 0;
		};
		8FB2AEA9190F6A96006DDFDA /* Frameworks */ = {
			isa = PBXFrameworksBuildPhase;
			buildActionMask = 2147483647;
			files = (
				8FC187FA1A957470004E6C54 /* CoreFoundation.framework in Frameworks */,
			);
			runOnlyForDeploymentPostprocessing = 0;
		};
		8FB2AEBA190F6AE6006DDFDA /* Frameworks */ = {
			isa = PBXFrameworksBuildPhase;
			buildActionMask = 2147483647;
			files = (
				8FC187FB1A957470004E6C54 /* CoreFoundation.framework in Frameworks */,
			);
			runOnlyForDeploymentPostprocessing = 0;
		};
		8FB2AECB190F6B03006DDFDA /* Frameworks */ = {
			isa = PBXFrameworksBuildPhase;
			buildActionMask = 2147483647;
			files = (
				8FC187FC1A957472004E6C54 /* CoreFoundation.framework in Frameworks */,
			);
			runOnlyForDeploymentPostprocessing = 0;
		};
/* End PBXFrameworksBuildPhase section */

/* Begin PBXGroup section */
		8FA2479F19189347008B593F /* ChatScript */ = {
			isa = PBXGroup;
			children = (
				8FF312E21A999891009654C6 /* ChatScript_wrap.cxx */,
				8FF312371A998A2C009654C6 /* src */,
				8FA247A019189347008B593F /* Supporting Files */,
			);
			name = ChatScript;
			path = /Users/tkuebler/Projects/Brains/Xcode/ChatScript;
			sourceTree = "<absolute>";
		};
		8FA247A019189347008B593F /* Supporting Files */ = {
			isa = PBXGroup;
			children = (
				8FA247A119189347008B593F /* ChatScript-Info.plist */,
				8FA247A219189348008B593F /* InfoPlist.strings */,
				8FA247A519189348008B593F /* ChatScript-Prefix.pch */,
			);
			name = "Supporting Files";
			sourceTree = "<group>";
		};
		8FB2AE93190F6A5A006DDFDA = {
			isa = PBXGroup;
			children = (
				8FB2AEAD190F6A96006DDFDA /* libChatScript */,
				8FB2AEBE190F6AE6006DDFDA /* libChatScriptJNI */,
				8FB2AECF190F6B04006DDFDA /* libChatScriptPerl */,
				8FA2479F19189347008B593F /* ChatScript */,
				8FB2AEE0190F6B2B006DDFDA /* Frameworks */,
				8FB2AE9D190F6A5A006DDFDA /* Products */,
			);
			sourceTree = "<group>";
		};
		8FB2AE9D190F6A5A006DDFDA /* Products */ = {
			isa = PBXGroup;
			children = (
				8FB2AE9C190F6A5A006DDFDA /* ChatScriptServer */,
				8FB2AEAC190F6A96006DDFDA /* libChatScript.dylib */,
				8FB2AEBD190F6AE6006DDFDA /* libChatScriptJNI.dylib */,
				8FB2AECE190F6B03006DDFDA /* libChatScriptPerl.dylib */,
				8FA2479D19189347008B593F /* ChatScript.bundle */,
			);
			name = Products;
			sourceTree = "<group>";
		};
		8FB2AEAD190F6A96006DDFDA /* libChatScript */ = {
			isa = PBXGroup;
			children = (
				8FB2AEB0190F6A96006DDFDA /* libChatScriptProj.xcconfig */,
				8FB2AEB1190F6A96006DDFDA /* libChatScriptTarget.xcconfig */,
				8FB2AEAE190F6A96006DDFDA /* Supporting Files */,
			);
			path = libChatScript;
			sourceTree = "<group>";
		};
		8FB2AEAE190F6A96006DDFDA /* Supporting Files */ = {
			isa = PBXGroup;
			children = (
				8FB2AEAF190F6A96006DDFDA /* libChatScript-Prefix.pch */,
			);
			name = "Supporting Files";
			sourceTree = "<group>";
		};
		8FB2AEBE190F6AE6006DDFDA /* libChatScriptJNI */ = {
			isa = PBXGroup;
			children = (
				8FB04183191836C000496AD8 /* ChatScript_wrap.cxx */,
				8FB2AEC1190F6AE6006DDFDA /* libChatScriptJNIProj.xcconfig */,
				8FB2AEC2190F6AE6006DDFDA /* libChatScriptJNITarget.xcconfig */,
				8FB2AEBF190F6AE6006DDFDA /* Supporting Files */,
			);
			path = libChatScriptJNI;
			sourceTree = "<group>";
		};
		8FB2AEBF190F6AE6006DDFDA /* Supporting Files */ = {
			isa = PBXGroup;
			children = (
				8FB2AEC0190F6AE6006DDFDA /* libChatScriptJNI-Prefix.pch */,
			);
			name = "Supporting Files";
			sourceTree = "<group>";
		};
		8FB2AECF190F6B04006DDFDA /* libChatScriptPerl */ = {
			isa = PBXGroup;
			children = (
				8FB0418919183FD800496AD8 /* ChatScript_wrap.cxx */,
				8FB2AED2190F6B04006DDFDA /* libChatScriptPerlProj.xcconfig */,
				8FB2AED3190F6B04006DDFDA /* libChatScriptPerlTarget.xcconfig */,
				8FB2AED0190F6B04006DDFDA /* Supporting Files */,
			);
			path = libChatScriptPerl;
			sourceTree = "<group>";
		};
		8FB2AED0190F6B04006DDFDA /* Supporting Files */ = {
			isa = PBXGroup;
			children = (
				8FB2AED1190F6B04006DDFDA /* libChatScriptPerl-Prefix.pch */,
			);
			name = "Supporting Files";
			sourceTree = "<group>";
		};
		8FB2AEE0190F6B2B006DDFDA /* Frameworks */ = {
			isa = PBXGroup;
			children = (
				8FB2AEE1190F6B2B006DDFDA /* CoreFoundation.framework */,
			);
			name = Frameworks;
			sourceTree = "<group>";
		};
		8FF312371A998A2C009654C6 /* src */ = {
			isa = PBXGroup;
			children = (
				8FF312381A998A2C009654C6 /* common.h */,
				8FF312391A998A2C009654C6 /* constructCode.cpp */,
				8FF3123A1A998A2C009654C6 /* constructCode.h */,
				8FF3123B1A998A2C009654C6 /* cs_ev.c */,
				8FF3123C1A998A2C009654C6 /* cs_ev.h */,
				8FF3123D1A998A2C009654C6 /* csocket.cpp */,
				8FF3123E1A998A2C009654C6 /* csocket.h */,
				8FF3123F1A998A2C009654C6 /* debugger.cpp */,
				8FF312401A998A2C009654C6 /* debugger.h */,
				8FF312411A998A2C009654C6 /* dictionaryMore.h */,
				8FF312421A998A2C009654C6 /* dictionarySystem.cpp */,
				8FF312431A998A2C009654C6 /* dictionarySystem.h */,
				8FF312441A998A2C009654C6 /* english.cpp */,
				8FF312451A998A2C009654C6 /* english.h */,
				8FF312461A998A2C009654C6 /* englishTagger.cpp */,
				8FF3126B1A998A2D009654C6 /* evserver.cpp */,
				8FF3126C1A998A2D009654C6 /* evserver.h */,
				8FF3126D1A998A2D009654C6 /* factSystem.cpp */,
				8FF3126E1A998A2D009654C6 /* factSystem.h */,
				8FF3126F1A998A2D009654C6 /* functionExecute.cpp */,
				8FF312701A998A2D009654C6 /* functionExecute.h */,
				8FF312711A998A2D009654C6 /* infer.cpp */,
				8FF312721A998A2D009654C6 /* infer.h */,
				8FF312731A998A2D009654C6 /* mainSystem.cpp */,
				8FF312741A998A2D009654C6 /* mainSystem.h */,
				8FF312751A998A2D009654C6 /* Makefile */,
				8FF312761A998A2D009654C6 /* markSystem.cpp */,
				8FF312771A998A2D009654C6 /* markSystem.h */,
				8FF312781A998A2D009654C6 /* os.cpp */,
				8FF312791A998A2D009654C6 /* os.h */,
				8FF3127A1A998A2D009654C6 /* outputSystem.cpp */,
				8FF3127B1A998A2D009654C6 /* outputSystem.h */,
				8FF3127C1A998A2D009654C6 /* patternSystem.cpp */,
				8FF3127D1A998A2D009654C6 /* patternSystem.h */,
				8FF3127E1A998A2D009654C6 /* postgres */,
				8FF312891A998A2D009654C6 /* readrawdata.cpp */,
				8FF3128A1A998A2D009654C6 /* readrawdata.h */,
				8FF3128B1A998A2D009654C6 /* scriptCompile.cpp */,
				8FF3128C1A998A2D009654C6 /* scriptCompile.h */,
				8FF3128D1A998A2D009654C6 /* secure.cpp */,
				8FF3128E1A998A2D009654C6 /* spellcheck.cpp */,
				8FF3128F1A998A2D009654C6 /* spellcheck.h */,
				8FF312901A998A2D009654C6 /* systemVariables.cpp */,
				8FF312911A998A2D009654C6 /* systemVariables.h */,
				8FF312921A998A2D009654C6 /* tagger.cpp */,
				8FF312931A998A2D009654C6 /* tagger.h */,
				8FF312941A998A2D009654C6 /* testing.cpp */,
				8FF312951A998A2D009654C6 /* testing.h */,
				8FF312961A998A2D009654C6 /* textUtilities.cpp */,
				8FF312971A998A2D009654C6 /* textUtilities.h */,
				8FF312981A998A2D009654C6 /* tokenSystem.cpp */,
				8FF312991A998A2D009654C6 /* tokenSystem.h */,
				8FF3129A1A998A2D009654C6 /* topicSystem.cpp */,
				8FF3129B1A998A2D009654C6 /* topicSystem.h */,
				8FF3129C1A998A2D009654C6 /* userCache.cpp */,
				8FF3129D1A998A2D009654C6 /* userCache.h */,
				8FF3129E1A998A2D009654C6 /* userSystem.cpp */,
				8FF3129F1A998A2D009654C6 /* userSystem.h */,
				8FF312A01A998A2D009654C6 /* variableSystem.cpp */,
				8FF312A11A998A2D009654C6 /* variableSystem.h */,
			);
			name = src;
			path = "../../../../src/ChatScript-5.1/src";
			sourceTree = "<group>";
		};
		8FF3127E1A998A2D009654C6 /* postgres */ = {
			isa = PBXGroup;
			children = (
				8FF3127F1A998A2D009654C6 /* 3rd_party_licenses.txt */,
				8FF312801A998A2D009654C6 /* license.txt */,
				8FF312811A998A2D009654C6 /* win32 */,
			);
			path = postgres;
			sourceTree = "<group>";
		};
		8FF312811A998A2D009654C6 /* win32 */ = {
			isa = PBXGroup;
			children = (
				8FF312821A998A2D009654C6 /* libpq-fe.h */,
				8FF312831A998A2D009654C6 /* libpq.dll */,
				8FF312841A998A2D009654C6 /* libpq.lib */,
				8FF312851A998A2D009654C6 /* pg_config.h */,
				8FF312861A998A2D009654C6 /* pg_config_ext.h */,
				8FF312871A998A2D009654C6 /* pg_config_os.h */,
				8FF312881A998A2D009654C6 /* postgres_ext.h */,
			);
			path = win32;
			sourceTree = "<group>";
		};
/* End PBXGroup section */

/* Begin PBXHeadersBuildPhase section */
		8FB2AEAA190F6A96006DDFDA /* Headers */ = {
			isa = PBXHeadersBuildPhase;
			buildActionMask = 2147483647;
			files = (
			);
			runOnlyForDeploymentPostprocessing = 0;
		};
		8FB2AEBB190F6AE6006DDFDA /* Headers */ = {
			isa = PBXHeadersBuildPhase;
			buildActionMask = 2147483647;
			files = (
			);
			runOnlyForDeploymentPostprocessing = 0;
		};
		8FB2AECC190F6B03006DDFDA /* Headers */ = {
			isa = PBXHeadersBuildPhase;
			buildActionMask = 2147483647;
			files = (
			);
			runOnlyForDeploymentPostprocessing = 0;
		};
/* End PBXHeadersBuildPhase section */

/* Begin PBXNativeTarget section */
		8FA2479C19189347008B593F /* ChatScript */ = {
			isa = PBXNativeTarget;
			buildConfigurationList = 8FA247A819189348008B593F /* Build configuration list for PBXNativeTarget "ChatScript" */;
			buildPhases = (
				8FA2479919189347008B593F /* Sources */,
				8FA2479A19189347008B593F /* Frameworks */,
				8FA2479B19189347008B593F /* Resources */,
			);
			buildRules = (
			);
			dependencies = (
			);
			name = ChatScript;
			productName = ChatScript;
			productReference = 8FA2479D19189347008B593F /* ChatScript.bundle */;
			productType = "com.apple.product-type.bundle";
		};
		8FB2AE9B190F6A5A006DDFDA /* ChatScriptServer */ = {
			isa = PBXNativeTarget;
			buildConfigurationList = 8FB2AEA5190F6A5A006DDFDA /* Build configuration list for PBXNativeTarget "ChatScriptServer" */;
			buildPhases = (
				8FB2AE98190F6A5A006DDFDA /* Sources */,
				8FB2AE99190F6A5A006DDFDA /* Frameworks */,
				8FB0417D191831ED00496AD8 /* CopyFiles */,
			);
			buildRules = (
			);
			dependencies = (
			);
			name = ChatScriptServer;
			productName = Xcode;
			productReference = 8FB2AE9C190F6A5A006DDFDA /* ChatScriptServer */;
			productType = "com.apple.product-type.tool";
		};
		8FB2AEAB190F6A96006DDFDA /* libChatScript */ = {
			isa = PBXNativeTarget;
			buildConfigurationList = 8FB2AEB6190F6A96006DDFDA /* Build configuration list for PBXNativeTarget "libChatScript" */;
			buildPhases = (
				8FB2AEA8190F6A96006DDFDA /* Sources */,
				8FB2AEA9190F6A96006DDFDA /* Frameworks */,
				8FB2AEAA190F6A96006DDFDA /* Headers */,
				8FB0418719183DE500496AD8 /* CopyFiles */,
			);
			buildRules = (
			);
			dependencies = (
			);
			name = libChatScript;
			productName = libChatScript;
			productReference = 8FB2AEAC190F6A96006DDFDA /* libChatScript.dylib */;
			productType = "com.apple.product-type.library.dynamic";
		};
		8FB2AEBC190F6AE6006DDFDA /* libChatScriptJNI */ = {
			isa = PBXNativeTarget;
			buildConfigurationList = 8FB2AEC7190F6AE6006DDFDA /* Build configuration list for PBXNativeTarget "libChatScriptJNI" */;
			buildPhases = (
				8FB2AEB9190F6AE6006DDFDA /* Sources */,
				8FB2AEBA190F6AE6006DDFDA /* Frameworks */,
				8FB2AEBB190F6AE6006DDFDA /* Headers */,
				8FB04185191836CC00496AD8 /* CopyFiles */,
			);
			buildRules = (
			);
			dependencies = (
			);
			name = libChatScriptJNI;
			productName = libChatScriptJNI;
			productReference = 8FB2AEBD190F6AE6006DDFDA /* libChatScriptJNI.dylib */;
			productType = "com.apple.product-type.library.dynamic";
		};
		8FB2AECD190F6B03006DDFDA /* libChatScriptPerl */ = {
			isa = PBXNativeTarget;
			buildConfigurationList = 8FB2AED8190F6B04006DDFDA /* Build configuration list for PBXNativeTarget "libChatScriptPerl" */;
			buildPhases = (
				8FB2AECA190F6B03006DDFDA /* Sources */,
				8FB2AECB190F6B03006DDFDA /* Frameworks */,
				8FB2AECC190F6B03006DDFDA /* Headers */,
				8FB0418D1918473800496AD8 /* CopyFiles */,
			);
			buildRules = (
			);
			dependencies = (
			);
			name = libChatScriptPerl;
			productName = libChatScriptPerl;
			productReference = 8FB2AECE190F6B03006DDFDA /* libChatScriptPerl.dylib */;
			productType = "com.apple.product-type.library.dynamic";
		};
/* End PBXNativeTarget section */

/* Begin PBXProject section */
		8FB2AE94190F6A5A006DDFDA /* Project object */ = {
			isa = PBXProject;
			attributes = {
				LastUpgradeCheck = 0610;
				ORGANIZATIONNAME = "Bruce Wilcox";
			};
			buildConfigurationList = 8FB2AE97190F6A5A006DDFDA /* Build configuration list for PBXProject "ChatScript" */;
			compatibilityVersion = "Xcode 3.2";
			developmentRegion = English;
			hasScannedForEncodings = 0;
			knownRegions = (
				en,
			);
			mainGroup = 8FB2AE93190F6A5A006DDFDA;
			productRefGroup = 8FB2AE9D190F6A5A006DDFDA /* Products */;
			projectDirPath = "";
			projectRoot = "";
			targets = (
				8FB2AE9B190F6A5A006DDFDA /* ChatScriptServer */,
				8FB2AEAB190F6A96006DDFDA /* libChatScript */,
				8FB2AEBC190F6AE6006DDFDA /* libChatScriptJNI */,
				8FB2AECD190F6B03006DDFDA /* libChatScriptPerl */,
				8FA2479C19189347008B593F /* ChatScript */,
			);
		};
/* End PBXProject section */

/* Begin PBXResourcesBuildPhase section */
		8FA2479B19189347008B593F /* Resources */ = {
			isa = PBXResourcesBuildPhase;
			buildActionMask = 2147483647;
			files = (
				8FF312D11A998A2D009654C6 /* 3rd_party_licenses.txt in Resources */,
				8FF312D31A998A2D009654C6 /* libpq.dll in Resources */,
				8FF312D21A998A2D009654C6 /* license.txt in Resources */,
				8FA247A419189348008B593F /* InfoPlist.strings in Resources */,
			);
			runOnlyForDeploymentPostprocessing = 0;
		};
/* End PBXResourcesBuildPhase section */

/* Begin PBXSourcesBuildPhase section */
		8FA2479919189347008B593F /* Sources */ = {
			isa = PBXSourcesBuildPhase;
			buildActionMask = 2147483647;
			files = (
				8FF312D51A998A2D009654C6 /* readrawdata.cpp in Sources */,
				8FF312DC1A998A2D009654C6 /* textUtilities.cpp in Sources */,
				8FF312A21A998A2D009654C6 /* constructCode.cpp in Sources */,
				8FF312D71A998A2D009654C6 /* secure.cpp in Sources */,
				8FF312CD1A998A2D009654C6 /* markSystem.cpp in Sources */,
				8FF312DD1A998A2D009654C6 /* tokenSystem.cpp in Sources */,
				8FF312D61A998A2D009654C6 /* scriptCompile.cpp in Sources */,
				8FF312C91A998A2D009654C6 /* functionExecute.cpp in Sources */,
				8FF312CC1A998A2D009654C6 /* Makefile in Sources */,
				8FF312CF1A998A2D009654C6 /* outputSystem.cpp in Sources */,
				8FF312DB1A998A2D009654C6 /* testing.cpp in Sources */,
				8FF312CE1A998A2D009654C6 /* os.cpp in Sources */,
				8FF312DA1A998A2D009654C6 /* tagger.cpp in Sources */,
				8FF312DF1A998A2D009654C6 /* userCache.cpp in Sources */,
				8FF312A31A998A2D009654C6 /* cs_ev.c in Sources */,
				8FF312A81A998A2D009654C6 /* englishTagger.cpp in Sources */,
				8FF312A51A998A2D009654C6 /* debugger.cpp in Sources */,
				8FF312A41A998A2D009654C6 /* csocket.cpp in Sources */,
				8FF312E11A998A2D009654C6 /* variableSystem.cpp in Sources */,
				8FF312CB1A998A2D009654C6 /* mainSystem.cpp in Sources */,
				8FF312A61A998A2D009654C6 /* dictionarySystem.cpp in Sources */,
				8FF312E01A998A2D009654C6 /* userSystem.cpp in Sources */,
				8FF312C81A998A2D009654C6 /* factSystem.cpp in Sources */,
				8FF312CA1A998A2D009654C6 /* infer.cpp in Sources */,
				8FF312D91A998A2D009654C6 /* systemVariables.cpp in Sources */,
				8FF312D01A998A2D009654C6 /* patternSystem.cpp in Sources */,
				8FF312DE1A998A2D009654C6 /* topicSystem.cpp in Sources */,
				8FF312D81A998A2D009654C6 /* spellcheck.cpp in Sources */,
				8FF312A71A998A2D009654C6 /* english.cpp in Sources */,
				8FF312E31A999891009654C6 /* ChatScript_wrap.cxx in Sources */,
				8FF312C71A998A2D009654C6 /* evserver.cpp in Sources */,
			);
			runOnlyForDeploymentPostprocessing = 0;
		};
		8FB2AE98190F6A5A006DDFDA /* Sources */ = {
			isa = PBXSourcesBuildPhase;
			buildActionMask = 2147483647;
			files = (
			);
			runOnlyForDeploymentPostprocessing = 0;
		};
		8FB2AEA8190F6A96006DDFDA /* Sources */ = {
			isa = PBXSourcesBuildPhase;
			buildActionMask = 2147483647;
			files = (
				8FDF13261A99AAB200ED14B1 /* ChatScript_wrap.cxx in Sources */,
			);
			runOnlyForDeploymentPostprocessing = 0;
		};
		8FB2AEB9190F6AE6006DDFDA /* Sources */ = {
			isa = PBXSourcesBuildPhase;
			buildActionMask = 2147483647;
			files = (
				8FB04184191836C000496AD8 /* ChatScript_wrap.cxx in Sources */,
			);
			runOnlyForDeploymentPostprocessing = 0;
		};
		8FB2AECA190F6B03006DDFDA /* Sources */ = {
			isa = PBXSourcesBuildPhase;
			buildActionMask = 2147483647;
			files = (
				8FB0418A19183FD800496AD8 /* ChatScript_wrap.cxx in Sources */,
			);
			runOnlyForDeploymentPostprocessing = 0;
		};
/* End PBXSourcesBuildPhase section */

/* Begin PBXVariantGroup section */
		8FA247A219189348008B593F /* InfoPlist.strings */ = {
			isa = PBXVariantGroup;
			children = (
				8FA247A319189348008B593F /* en */,
			);
			name = InfoPlist.strings;
			sourceTree = "<group>";
		};
/* End PBXVariantGroup section */

/* Begin XCBuildConfiguration section */
		8FA247A619189348008B593F /* Debug */ = {
			isa = XCBuildConfiguration;
			buildSettings = {
				ARCHS = "$(ARCHS_STANDARD_32_64_BIT)";
				CLANG_CXX_LANGUAGE_STANDARD = "compiler-default";
				CLANG_CXX_LIBRARY = "compiler-default";
				COMBINE_HIDPI_IMAGES = YES;
				DEBUG_INFORMATION_FORMAT = "dwarf-with-dsym";
				GCC_C_LANGUAGE_STANDARD = "compiler-default";
				GCC_PRECOMPILE_PREFIX_HEADER = YES;
				GCC_PREFIX_HEADER = "ChatScript/ChatScript-Prefix.pch";
				GCC_PREPROCESSOR_DEFINITIONS = "$(inherited)";
				INFOPLIST_FILE = "ChatScript/ChatScript-Info.plist";
				INSTALL_PATH = "$(LOCAL_LIBRARY_DIR)/Bundles";
				LIBRARY_SEARCH_PATHS = (
					"$(inherited)",
					"/Users/tkuebler/src/ChatScript-5.1/src/postgres/win32",
				);
				MACOSX_DEPLOYMENT_TARGET = 10.10;
				ONLY_ACTIVE_ARCH = NO;
				PRODUCT_NAME = "$(TARGET_NAME)";
				WRAPPER_EXTENSION = bundle;
			};
			name = Debug;
		};
		8FA247A719189348008B593F /* Release */ = {
			isa = XCBuildConfiguration;
			buildSettings = {
				ARCHS = "$(ARCHS_STANDARD_32_64_BIT)";
				CLANG_CXX_LANGUAGE_STANDARD = "compiler-default";
				CLANG_CXX_LIBRARY = "compiler-default";
				COMBINE_HIDPI_IMAGES = YES;
				DEBUG_INFORMATION_FORMAT = "dwarf-with-dsym";
				GCC_C_LANGUAGE_STANDARD = "compiler-default";
				GCC_PRECOMPILE_PREFIX_HEADER = YES;
				GCC_PREFIX_HEADER = "ChatScript/ChatScript-Prefix.pch";
				INFOPLIST_FILE = "ChatScript/ChatScript-Info.plist";
				INSTALL_PATH = "$(LOCAL_LIBRARY_DIR)/Bundles";
				LIBRARY_SEARCH_PATHS = (
					"$(inherited)",
					"/Users/tkuebler/src/ChatScript-5.1/src/postgres/win32",
				);
				MACOSX_DEPLOYMENT_TARGET = 10.10;
				ONLY_ACTIVE_ARCH = NO;
				PRODUCT_NAME = "$(TARGET_NAME)";
				WRAPPER_EXTENSION = bundle;
			};
			name = Release;
		};
		8FB2AEA3190F6A5A006DDFDA /* Debug */ = {
			isa = XCBuildConfiguration;
			buildSettings = {
				ALWAYS_SEARCH_USER_PATHS = NO;
				CLANG_CXX_LANGUAGE_STANDARD = "compiler-default";
				CLANG_CXX_LIBRARY = "compiler-default";
				CLANG_ENABLE_MODULES = YES;
				CLANG_ENABLE_OBJC_ARC = YES;
				CLANG_WARN_BOOL_CONVERSION = YES;
				CLANG_WARN_CONSTANT_CONVERSION = YES;
				CLANG_WARN_DIRECT_OBJC_ISA_USAGE = YES_ERROR;
				CLANG_WARN_EMPTY_BODY = YES;
				CLANG_WARN_ENUM_CONVERSION = YES;
				CLANG_WARN_INT_CONVERSION = YES;
				CLANG_WARN_OBJC_ROOT_CLASS = YES_ERROR;
				CLANG_WARN__DUPLICATE_METHOD_MATCH = YES;
				COPY_PHASE_STRIP = NO;
				GCC_C_LANGUAGE_STANDARD = "compiler-default";
				GCC_DYNAMIC_NO_PIC = NO;
				GCC_ENABLE_OBJC_EXCEPTIONS = YES;
				GCC_OPTIMIZATION_LEVEL = 0;
				GCC_PREPROCESSOR_DEFINITIONS = (
					"DEBUG=1",
					"$(inherited)",
				);
				GCC_SYMBOLS_PRIVATE_EXTERN = NO;
				GCC_WARN_64_TO_32_BIT_CONVERSION = YES;
				GCC_WARN_ABOUT_RETURN_TYPE = YES_ERROR;
				GCC_WARN_UNDECLARED_SELECTOR = YES;
				GCC_WARN_UNINITIALIZED_AUTOS = YES_AGGRESSIVE;
				GCC_WARN_UNUSED_FUNCTION = YES;
				GCC_WARN_UNUSED_VARIABLE = YES;
				MACOSX_DEPLOYMENT_TARGET = 10.9;
				ONLY_ACTIVE_ARCH = YES;
				SDKROOT = macosx;
			};
			name = Debug;
		};
		8FB2AEA4190F6A5A006DDFDA /* Release */ = {
			isa = XCBuildConfiguration;
			buildSettings = {
				ALWAYS_SEARCH_USER_PATHS = NO;
				CLANG_CXX_LANGUAGE_STANDARD = "compiler-default";
				CLANG_CXX_LIBRARY = "compiler-default";
				CLANG_ENABLE_MODULES = YES;
				CLANG_ENABLE_OBJC_ARC = YES;
				CLANG_WARN_BOOL_CONVERSION = YES;
				CLANG_WARN_CONSTANT_CONVERSION = YES;
				CLANG_WARN_DIRECT_OBJC_ISA_USAGE = YES_ERROR;
				CLANG_WARN_EMPTY_BODY = YES;
				CLANG_WARN_ENUM_CONVERSION = YES;
				CLANG_WARN_INT_CONVERSION = YES;
				CLANG_WARN_OBJC_ROOT_CLASS = YES_ERROR;
				CLANG_WARN__DUPLICATE_METHOD_MATCH = YES;
				COPY_PHASE_STRIP = YES;
				DEBUG_INFORMATION_FORMAT = "dwarf-with-dsym";
				ENABLE_NS_ASSERTIONS = NO;
				GCC_C_LANGUAGE_STANDARD = "compiler-default";
				GCC_ENABLE_OBJC_EXCEPTIONS = YES;
				GCC_WARN_64_TO_32_BIT_CONVERSION = YES;
				GCC_WARN_ABOUT_RETURN_TYPE = YES_ERROR;
				GCC_WARN_UNDECLARED_SELECTOR = YES;
				GCC_WARN_UNINITIALIZED_AUTOS = YES_AGGRESSIVE;
				GCC_WARN_UNUSED_FUNCTION = YES;
				GCC_WARN_UNUSED_VARIABLE = YES;
				MACOSX_DEPLOYMENT_TARGET = 10.9;
				ONLY_ACTIVE_ARCH = YES;
				SDKROOT = macosx;
			};
			name = Release;
		};
		8FB2AEA6190F6A5A006DDFDA /* Debug */ = {
			isa = XCBuildConfiguration;
			buildSettings = {
				ALWAYS_SEARCH_USER_PATHS = NO;
				ARCHS = "$(ARCHS_STANDARD)";
				CLANG_CXX_LANGUAGE_STANDARD = "compiler-default";
				CLANG_CXX_LIBRARY = "compiler-default";
				ENABLE_NS_ASSERTIONS = NO;
				GCC_C_LANGUAGE_STANDARD = "compiler-default";
				GCC_OPTIMIZATION_LEVEL = fast;
				GCC_PREPROCESSOR_DEFINITIONS = (
					"DEBUG=1",
					"DISCARDSERVER=1",
				);
				"GCC_PREPROCESSOR_DEFINITIONS[arch=*]" = "DEBUG=1";
				GCC_PREPROCESSOR_DEFINITIONS_NOT_USED_IN_PRECOMPS = "";
				GCC_SYMBOLS_PRIVATE_EXTERN = YES;
				LIBRARY_SEARCH_PATHS = "/Users/tkuebler/src/ChatScript-5.1/src/postgres/win32";
				MACH_O_TYPE = mh_execute;
				MACOSX_DEPLOYMENT_TARGET = 10.10;
				ONLY_ACTIVE_ARCH = NO;
				OTHER_CFLAGS = "";
				OTHER_LDFLAGS = "";
				PRODUCT_NAME = ChatScriptServer;
				SDKROOT = macosx;
			};
			name = Debug;
		};
		8FB2AEA7190F6A5A006DDFDA /* Release */ = {
			isa = XCBuildConfiguration;
			buildSettings = {
				ALWAYS_SEARCH_USER_PATHS = NO;
				ARCHS = "$(ARCHS_STANDARD)";
				CLANG_CXX_LANGUAGE_STANDARD = "compiler-default";
				CLANG_CXX_LIBRARY = "compiler-default";
				ENABLE_NS_ASSERTIONS = NO;
				GCC_C_LANGUAGE_STANDARD = "compiler-default";
				GCC_OPTIMIZATION_LEVEL = fast;
				GCC_PREPROCESSOR_DEFINITIONS = "";
				GCC_PREPROCESSOR_DEFINITIONS_NOT_USED_IN_PRECOMPS = "";
				GCC_SYMBOLS_PRIVATE_EXTERN = YES;
				LIBRARY_SEARCH_PATHS = "/Users/tkuebler/src/ChatScript-5.1/src/postgres/win32";
				MACH_O_TYPE = mh_execute;
				MACOSX_DEPLOYMENT_TARGET = 10.10;
				ONLY_ACTIVE_ARCH = NO;
				OTHER_CFLAGS = "";
				OTHER_LDFLAGS = "";
				PRODUCT_NAME = ChatScriptServer;
				SDKROOT = macosx;
			};
			name = Release;
		};
		8FB2AEB7190F6A96006DDFDA /* Debug */ = {
			isa = XCBuildConfiguration;
			buildSettings = {
				ARCHS = "$(ARCHS_STANDARD_32_64_BIT)";
				CLANG_CXX_LANGUAGE_STANDARD = "compiler-default";
				CLANG_CXX_LIBRARY = "compiler-default";
				COMBINE_HIDPI_IMAGES = YES;
				GCC_C_LANGUAGE_STANDARD = "compiler-default";
				GCC_PREPROCESSOR_DEFINITIONS = (
					"DEBUG=1",
					"$(inherited)",
				);
				LIBRARY_SEARCH_PATHS = (
					"$(inherited)",
					"/Users/tkuebler/src/ChatScript-5.1/src/postgres/win32",
					/Users/tkuebler/Projects/Brains/swig/mac/csharp,
				);
				ONLY_ACTIVE_ARCH = NO;
				PRODUCT_NAME = "$(TARGET_NAME)";
			};
			name = Debug;
		};
		8FB2AEB8190F6A96006DDFDA /* Release */ = {
			isa = XCBuildConfiguration;
			buildSettings = {
				ARCHS = "$(ARCHS_STANDARD_32_64_BIT)";
				CLANG_CXX_LANGUAGE_STANDARD = "compiler-default";
				CLANG_CXX_LIBRARY = "compiler-default";
				COMBINE_HIDPI_IMAGES = YES;
				GCC_C_LANGUAGE_STANDARD = "compiler-default";
				LIBRARY_SEARCH_PATHS = (
					"$(inherited)",
					"/Users/tkuebler/src/ChatScript-5.1/src/postgres/win32",
					/Users/tkuebler/Projects/Brains/swig/mac/csharp,
				);
				ONLY_ACTIVE_ARCH = NO;
				PRODUCT_NAME = "$(TARGET_NAME)";
			};
			name = Release;
		};
		8FB2AEC8190F6AE6006DDFDA /* Debug */ = {
			isa = XCBuildConfiguration;
			buildSettings = {
				ARCHS = "$(ARCHS_STANDARD_32_64_BIT)";
				CLANG_CXX_LANGUAGE_STANDARD = "compiler-default";
				CLANG_CXX_LIBRARY = "compiler-default";
				COMBINE_HIDPI_IMAGES = YES;
				GCC_C_LANGUAGE_STANDARD = "compiler-default";
				GCC_PREPROCESSOR_DEFINITIONS = (
					"DEBUG=1",
					"$(inherited)",
				);
				HEADER_SEARCH_PATHS = (
					"$(inherited)",
					/Applications/Xcode.app/Contents/Developer/Toolchains/XcodeDefault.xctoolchain/usr/include,
					"/Library/Java/JavaVirtualMachines/jdk1.7.0_51.jdk/Contents/Home/include/**",
				);
				LIBRARY_SEARCH_PATHS = (
					"$(inherited)",
					"/Users/tkuebler/src/ChatScript-5.1/src/postgres/win32",
				);
				ONLY_ACTIVE_ARCH = NO;
				PRODUCT_NAME = "$(TARGET_NAME)";
			};
			name = Debug;
		};
		8FB2AEC9190F6AE6006DDFDA /* Release */ = {
			isa = XCBuildConfiguration;
			buildSettings = {
				ARCHS = "$(ARCHS_STANDARD_32_64_BIT)";
				CLANG_CXX_LANGUAGE_STANDARD = "compiler-default";
				CLANG_CXX_LIBRARY = "compiler-default";
				COMBINE_HIDPI_IMAGES = YES;
				GCC_C_LANGUAGE_STANDARD = "compiler-default";
				HEADER_SEARCH_PATHS = (
					"$(inherited)",
					/Applications/Xcode.app/Contents/Developer/Toolchains/XcodeDefault.xctoolchain/usr/include,
					"/Library/Java/JavaVirtualMachines/jdk1.7.0_51.jdk/Contents/Home/include/**",
				);
				LIBRARY_SEARCH_PATHS = (
					"$(inherited)",
					"/Users/tkuebler/src/ChatScript-5.1/src/postgres/win32",
				);
				ONLY_ACTIVE_ARCH = NO;
				PRODUCT_NAME = "$(TARGET_NAME)";
			};
			name = Release;
		};
		8FB2AED9190F6B04006DDFDA /* Debug */ = {
			isa = XCBuildConfiguration;
			buildSettings = {
				ARCHS = "$(ARCHS_STANDARD_32_64_BIT)";
				CLANG_CXX_LANGUAGE_STANDARD = "compiler-default";
				CLANG_CXX_LIBRARY = "compiler-default";
				COMBINE_HIDPI_IMAGES = YES;
				GCC_C_LANGUAGE_STANDARD = "compiler-default";
				GCC_PREPROCESSOR_DEFINITIONS = (
					"DEBUG=1",
					"$(inherited)",
				);
				HEADER_SEARCH_PATHS = (
					"$(inherited)",
					/Applications/Xcode.app/Contents/Developer/Toolchains/XcodeDefault.xctoolchain/usr/include,
					"/System/Library/Perl/5.16/darwin-thread-multi-2level/**",
				);
				LIBRARY_SEARCH_PATHS = (
					"/usr/local/lib/**",
					"/System/Library/Perl/5.16/darwin-thread-multi-2level/**",
					"/Users/tkuebler/src/ChatScript-5.1/src/postgres/win32",
				);
				ONLY_ACTIVE_ARCH = YES;
				OTHER_LDFLAGS = (
					"-arch",
					x86_64,
					"-arch",
					i386,
					"-undefined",
					dynamic_lookup,
					"-L/usr/local/lib",
					"-fstack-protector",
					"-L/System/Library/Perl/5.16/darwin-thread-multi-2level",
					"-I/System/Library/Perl/5.16/darwin-thread-multi-2level",
				);
				PRODUCT_NAME = "$(TARGET_NAME)";
			};
			name = Debug;
		};
		8FB2AEDA190F6B04006DDFDA /* Release */ = {
			isa = XCBuildConfiguration;
			buildSettings = {
				ARCHS = "$(ARCHS_STANDARD_32_64_BIT)";
				CLANG_CXX_LANGUAGE_STANDARD = "compiler-default";
				CLANG_CXX_LIBRARY = "compiler-default";
				COMBINE_HIDPI_IMAGES = YES;
				GCC_C_LANGUAGE_STANDARD = "compiler-default";
				HEADER_SEARCH_PATHS = (
					"$(inherited)",
					/Applications/Xcode.app/Contents/Developer/Toolchains/XcodeDefault.xctoolchain/usr/include,
					"/System/Library/Perl/5.16/darwin-thread-multi-2level/**",
				);
				LIBRARY_SEARCH_PATHS = (
					"/usr/local/lib/**",
					"/System/Library/Perl/5.16/darwin-thread-multi-2level/**",
					"/Users/tkuebler/src/ChatScript-5.1/src/postgres/win32",
				);
				ONLY_ACTIVE_ARCH = YES;
				OTHER_LDFLAGS = (
					"-arch",
					x86_64,
					"-arch",
					i386,
					"-undefined",
					dynamic_lookup,
					"-L/usr/local/lib",
					"-fstack-protector",
					"-L/System/Library/Perl/5.16/darwin-thread-multi-2level",
					"-I/System/Library/Perl/5.16/darwin-thread-multi-2level",
				);
				PRODUCT_NAME = "$(TARGET_NAME)";
			};
			name = Release;
		};
/* End XCBuildConfiguration section */

/* Begin XCConfigurationList section */
		8FA247A819189348008B593F /* Build configuration list for PBXNativeTarget "ChatScript" */ = {
			isa = XCConfigurationList;
			buildConfigurations = (
				8FA247A619189348008B593F /* Debug */,
				8FA247A719189348008B593F /* Release */,
			);
			defaultConfigurationIsVisible = 0;
			defaultConfigurationName = Release;
		};
		8FB2AE97190F6A5A006DDFDA /* Build configuration list for PBXProject "ChatScript" */ = {
			isa = XCConfigurationList;
			buildConfigurations = (
				8FB2AEA3190F6A5A006DDFDA /* Debug */,
				8FB2AEA4190F6A5A006DDFDA /* Release */,
			);
			defaultConfigurationIsVisible = 0;
			defaultConfigurationName = Release;
		};
		8FB2AEA5190F6A5A006DDFDA /* Build configuration list for PBXNativeTarget "ChatScriptServer" */ = {
			isa = XCConfigurationList;
			buildConfigurations = (
				8FB2AEA6190F6A5A006DDFDA /* Debug */,
				8FB2AEA7190F6A5A006DDFDA /* Release */,
			);
			defaultConfigurationIsVisible = 0;
			defaultConfigurationName = Release;
		};
		8FB2AEB6190F6A96006DDFDA /* Build configuration list for PBXNativeTarget "libChatScript" */ = {
			isa = XCConfigurationList;
			buildConfigurations = (
				8FB2AEB7190F6A96006DDFDA /* Debug */,
				8FB2AEB8190F6A96006DDFDA /* Release */,
			);
			defaultConfigurationIsVisible = 0;
			defaultConfigurationName = Release;
		};
		8FB2AEC7190F6AE6006DDFDA /* Build configuration list for PBXNativeTarget "libChatScriptJNI" */ = {
			isa = XCConfigurationList;
			buildConfigurations = (
				8FB2AEC8190F6AE6006DDFDA /* Debug */,
				8FB2AEC9190F6AE6006DDFDA /* Release */,
			);
			defaultConfigurationIsVisible = 0;
			defaultConfigurationName = Release;
		};
		8FB2AED8190F6B04006DDFDA /* Build configuration list for PBXNativeTarget "libChatScriptPerl" */ = {
			isa = XCConfigurationList;
			buildConfigurations = (
				8FB2AED9190F6B04006DDFDA /* Debug */,
				8FB2AEDA190F6B04006DDFDA /* Release */,
			);
			defaultConfigurationIsVisible = 0;
			defaultConfigurationName = Release;
		};
/* End XCConfigurationList section */
	};
	rootObject = 8FB2AE94190F6A5A006DDFDA /* Project object */;
}
